// !$*UTF8*$!
{
	archiveVersion = 1;
	classes = {
	};
	objectVersion = 56;
	objects = {

/* Begin PBXBuildFile section */
		AA000001 /* TheDailyCatchApp.swift in Sources */ = {isa = PBXBuildFile; fileRef = AA000002 /* TheDailyCatchApp.swift */; };
		AA100001 /* IdentityMode.swift in Sources */ = {isa = PBXBuildFile; fileRef = AA100002 /* IdentityMode.swift */; };
		AA100003 /* EnergyMode.swift in Sources */ = {isa = PBXBuildFile; fileRef = AA100004 /* EnergyMode.swift */; };
		AA100005 /* Story.swift in Sources */ = {isa = PBXBuildFile; fileRef = AA100006 /* Story.swift */; };
		AA100007 /* DailyBrief.swift in Sources */ = {isa = PBXBuildFile; fileRef = AA100008 /* DailyBrief.swift */; };
		AA100009 /* OnboardingModels.swift in Sources */ = {isa = PBXBuildFile; fileRef = AA100010 /* OnboardingModels.swift */; };
		AA200001 /* OpenRouterService.swift in Sources */ = {isa = PBXBuildFile; fileRef = AA200002 /* OpenRouterService.swift */; };
		AA200003 /* BriefCacheService.swift in Sources */ = {isa = PBXBuildFile; fileRef = AA200004 /* BriefCacheService.swift */; };
		AA200005 /* UserPreferencesService.swift in Sources */ = {isa = PBXBuildFile; fileRef = AA200006 /* UserPreferencesService.swift */; };
		AA300001 /* DailyBriefViewModel.swift in Sources */ = {isa = PBXBuildFile; fileRef = AA300002 /* DailyBriefViewModel.swift */; };
		AA400001 /* OnboardingView.swift in Sources */ = {isa = PBXBuildFile; fileRef = AA400002 /* OnboardingView.swift */; };
		AA400003 /* DailyBriefView.swift in Sources */ = {isa = PBXBuildFile; fileRef = AA400004 /* DailyBriefView.swift */; };
		AA400005 /* StoryCardView.swift in Sources */ = {isa = PBXBuildFile; fileRef = AA400006 /* StoryCardView.swift */; };
		AA400007 /* CompletionView.swift in Sources */ = {isa = PBXBuildFile; fileRef = AA400008 /* CompletionView.swift */; };
		AA400009 /* SettingsView.swift in Sources */ = {isa = PBXBuildFile; fileRef = AA400010 /* SettingsView.swift */; };
		AA400011 /* SplashView.swift in Sources */ = {isa = PBXBuildFile; fileRef = AA400012 /* SplashView.swift */; };
		AA400013 /* OnboardingIntroView.swift in Sources */ = {isa = PBXBuildFile; fileRef = AA400014 /* OnboardingIntroView.swift */; };
		AA400015 /* OnboardingCompleteView.swift in Sources */ = {isa = PBXBuildFile; fileRef = AA400016 /* OnboardingCompleteView.swift */; };
		AA400017 /* StoryDetailView.swift in Sources */ = {isa = PBXBuildFile; fileRef = AA400018 /* StoryDetailView.swift */; };
		AA400019 /* FishingAnimationView.swift in Sources */ = {isa = PBXBuildFile; fileRef = AA400020 /* FishingAnimationView.swift */; };
		AA500001 /* AppTheme.swift in Sources */ = {isa = PBXBuildFile; fileRef = AA500002 /* AppTheme.swift */; };
		AA600001 /* Secrets.plist in Resources */ = {isa = PBXBuildFile; fileRef = AA600002 /* Secrets.plist */; };
		AA700001 /* Assets.xcassets in Resources */ = {isa = PBXBuildFile; fileRef = AA700002 /* Assets.xcassets */; };
		AA800001 /* Junicode-BoldCondensed.ttf in Resources */ = {isa = PBXBuildFile; fileRef = AA800002 /* Junicode-BoldCondensed.ttf */; };
		AA800003 /* SpaceGrotesk-VariableFont_wght.ttf in Resources */ = {isa = PBXBuildFile; fileRef = AA800004 /* SpaceGrotesk-VariableFont_wght.ttf */; };
		AA800005 /* Disket-Mono-Bold.ttf in Resources */ = {isa = PBXBuildFile; fileRef = AA800006 /* Disket-Mono-Bold.ttf */; };
/* End PBXBuildFile section */

/* Begin PBXFileReference section */
		AA000002 /* TheDailyCatchApp.swift */ = {isa = PBXFileReference; lastKnownFileType = sourcecode.swift; path = TheDailyCatchApp.swift; sourceTree = "<group>"; };
		AA000005 /* Info.plist */ = {isa = PBXFileReference; lastKnownFileType = text.plist.xml; path = Info.plist; sourceTree = "<group>"; };
		AA000006 /* The Daily Catch.app */ = {isa = PBXFileReference; explicitFileType = wrapper.application; includeInIndex = 0; path = "The Daily Catch.app"; sourceTree = BUILT_PRODUCTS_DIR; };
		AA100002 /* IdentityMode.swift */ = {isa = PBXFileReference; lastKnownFileType = sourcecode.swift; path = IdentityMode.swift; sourceTree = "<group>"; };
		AA100004 /* EnergyMode.swift */ = {isa = PBXFileReference; lastKnownFileType = sourcecode.swift; path = EnergyMode.swift; sourceTree = "<group>"; };
		AA100006 /* Story.swift */ = {isa = PBXFileReference; lastKnownFileType = sourcecode.swift; path = Story.swift; sourceTree = "<group>"; };
		AA100008 /* DailyBrief.swift */ = {isa = PBXFileReference; lastKnownFileType = sourcecode.swift; path = DailyBrief.swift; sourceTree = "<group>"; };
		AA100010 /* OnboardingModels.swift */ = {isa = PBXFileReference; lastKnownFileType = sourcecode.swift; path = OnboardingModels.swift; sourceTree = "<group>"; };
		AA200002 /* OpenRouterService.swift */ = {isa = PBXFileReference; lastKnownFileType = sourcecode.swift; path = OpenRouterService.swift; sourceTree = "<group>"; };
		AA200004 /* BriefCacheService.swift */ = {isa = PBXFileReference; lastKnownFileType = sourcecode.swift; path = BriefCacheService.swift; sourceTree = "<group>"; };
		AA200006 /* UserPreferencesService.swift */ = {isa = PBXFileReference; lastKnownFileType = sourcecode.swift; path = UserPreferencesService.swift; sourceTree = "<group>"; };
		AA300002 /* DailyBriefViewModel.swift */ = {isa = PBXFileReference; lastKnownFileType = sourcecode.swift; path = DailyBriefViewModel.swift; sourceTree = "<group>"; };
		AA400002 /* OnboardingView.swift */ = {isa = PBXFileReference; lastKnownFileType = sourcecode.swift; path = OnboardingView.swift; sourceTree = "<group>"; };
		AA400004 /* DailyBriefView.swift */ = {isa = PBXFileReference; lastKnownFileType = sourcecode.swift; path = DailyBriefView.swift; sourceTree = "<group>"; };
		AA400006 /* StoryCardView.swift */ = {isa = PBXFileReference; lastKnownFileType = sourcecode.swift; path = StoryCardView.swift; sourceTree = "<group>"; };
		AA400008 /* CompletionView.swift */ = {isa = PBXFileReference; lastKnownFileType = sourcecode.swift; path = CompletionView.swift; sourceTree = "<group>"; };
		AA400010 /* SettingsView.swift */ = {isa = PBXFileReference; lastKnownFileType = sourcecode.swift; path = SettingsView.swift; sourceTree = "<group>"; };
		AA400012 /* SplashView.swift */ = {isa = PBXFileReference; lastKnownFileType = sourcecode.swift; path = SplashView.swift; sourceTree = "<group>"; };
		AA400014 /* OnboardingIntroView.swift */ = {isa = PBXFileReference; lastKnownFileType = sourcecode.swift; path = OnboardingIntroView.swift; sourceTree = "<group>"; };
		AA400016 /* OnboardingCompleteView.swift */ = {isa = PBXFileReference; lastKnownFileType = sourcecode.swift; path = OnboardingCompleteView.swift; sourceTree = "<group>"; };
		AA400018 /* StoryDetailView.swift */ = {isa = PBXFileReference; lastKnownFileType = sourcecode.swift; path = StoryDetailView.swift; sourceTree = "<group>"; };
		AA400020 /* FishingAnimationView.swift */ = {isa = PBXFileReference; lastKnownFileType = sourcecode.swift; path = FishingAnimationView.swift; sourceTree = "<group>"; };
		AA500002 /* AppTheme.swift */ = {isa = PBXFileReference; lastKnownFileType = sourcecode.swift; path = AppTheme.swift; sourceTree = "<group>"; };
		AA600002 /* Secrets.plist */ = {isa = PBXFileReference; lastKnownFileType = text.plist.xml; path = Secrets.plist; sourceTree = "<group>"; };
		AA700002 /* Assets.xcassets */ = {isa = PBXFileReference; lastKnownFileType = folder.assetcatalog; path = Assets.xcassets; sourceTree = "<group>"; };
		AA800002 /* Junicode-BoldCondensed.ttf */ = {isa = PBXFileReference; lastKnownFileType = file; path = "Junicode-BoldCondensed.ttf"; sourceTree = "<group>"; };
		AA800004 /* SpaceGrotesk-VariableFont_wght.ttf */ = {isa = PBXFileReference; lastKnownFileType = file; path = "SpaceGrotesk-VariableFont_wght.ttf"; sourceTree = "<group>"; };
		AA800006 /* Disket-Mono-Bold.ttf */ = {isa = PBXFileReference; lastKnownFileType = file; path = "Disket-Mono-Bold.ttf"; sourceTree = "<group>"; };
/* End PBXFileReference section */

/* Begin PBXFrameworksBuildPhase section */
		AA000010 /* Frameworks */ = {
			isa = PBXFrameworksBuildPhase;
			buildActionMask = 2147483647;
			files = (
			);
			runOnlyForDeploymentPostprocessing = 0;
		};
/* End PBXFrameworksBuildPhase section */

/* Begin PBXGroup section */
		AA000020 = {
			isa = PBXGroup;
			children = (
				AA000021 /* TheDailyCatch */,
				AA000022 /* Products */,
			);
			sourceTree = "<group>";
		};
		AA000021 /* TheDailyCatch */ = {
			isa = PBXGroup;
			children = (
				AA000002 /* TheDailyCatchApp.swift */,
				AA000005 /* Info.plist */,
				AA600002 /* Secrets.plist */,
				AA700002 /* Assets.xcassets */,
				AA800002 /* Junicode-BoldCondensed.ttf */,
				AA800004 /* SpaceGrotesk-VariableFont_wght.ttf */,
				AA800006 /* Disket-Mono-Bold.ttf */,
				AA100000 /* Models */,
				AA200000 /* Services */,
				AA300000 /* ViewModels */,
				AA400000 /* Views */,
				AA500000 /* Theme */,
			);
			path = TheDailyCatch;
			sourceTree = "<group>";
		};
		AA000022 /* Products */ = {
			isa = PBXGroup;
			children = (
				AA000006 /* The Daily Catch.app */,
			);
			name = Products;
			sourceTree = "<group>";
		};
		AA100000 /* Models */ = {
			isa = PBXGroup;
			children = (
				AA100002 /* IdentityMode.swift */,
				AA100004 /* EnergyMode.swift */,
				AA100006 /* Story.swift */,
				AA100008 /* DailyBrief.swift */,
				AA100010 /* OnboardingModels.swift */,
			);
			path = Models;
			sourceTree = "<group>";
		};
		AA200000 /* Services */ = {
			isa = PBXGroup;
			children = (
				AA200002 /* OpenRouterService.swift */,
				AA200004 /* BriefCacheService.swift */,
				AA200006 /* UserPreferencesService.swift */,
			);
			path = Services;
			sourceTree = "<group>";
		};
		AA300000 /* ViewModels */ = {
			isa = PBXGroup;
			children = (
				AA300002 /* DailyBriefViewModel.swift */,
			);
			path = ViewModels;
			sourceTree = "<group>";
		};
		AA400000 /* Views */ = {
			isa = PBXGroup;
			children = (
				AA400002 /* OnboardingView.swift */,
				AA400004 /* DailyBriefView.swift */,
				AA400006 /* StoryCardView.swift */,
				AA400008 /* CompletionView.swift */,
				AA400010 /* SettingsView.swift */,
				AA400012 /* SplashView.swift */,
				AA400014 /* OnboardingIntroView.swift */,
				AA400016 /* OnboardingCompleteView.swift */,
				AA400018 /* StoryDetailView.swift */,
				AA400020 /* FishingAnimationView.swift */,
			);
			path = Views;
			sourceTree = "<group>";
		};
		AA500000 /* Theme */ = {
			isa = PBXGroup;
			children = (
				AA500002 /* AppTheme.swift */,
			);
			path = Theme;
			sourceTree = "<group>";
		};
/* End PBXGroup section */

/* Begin PBXNativeTarget section */
		AA000030 /* TheDailyCatch */ = {
			isa = PBXNativeTarget;
			buildConfigurationList = AA000050 /* Build configuration list for PBXNativeTarget "TheDailyCatch" */;
			buildPhases = (
				AA000011 /* Sources */,
				AA000010 /* Frameworks */,
				AA000012 /* Resources */,
			);
			buildRules = (
			);
			dependencies = (
			);
			name = TheDailyCatch;
			productName = "The Daily Catch";
			productReference = AA000006 /* The Daily Catch.app */;
			productType = "com.apple.product-type.application";
		};
/* End PBXNativeTarget section */

/* Begin PBXProject section */
		AA000040 /* Project object */ = {
			isa = PBXProject;
			attributes = {
				BuildIndependentTargetsInParallel = 1;
				LastSwiftUpdateCheck = 1500;
				LastUpgradeCheck = 1500;
			};
			buildConfigurationList = AA000060 /* Build configuration list for PBXProject "TheDailyCatch" */;
			compatibilityVersion = "Xcode 14.0";
			developmentRegion = en;
			hasScannedForEncodings = 0;
			knownRegions = (
				en,
				Base,
			);
			mainGroup = AA000020;
			productRefGroup = AA000022 /* Products */;
			projectDirPath = "";
			projectRoot = "";
			targets = (
				AA000030 /* TheDailyCatch */,
			);
		};
/* End PBXProject section */

/* Begin PBXResourcesBuildPhase section */
		AA000012 /* Resources */ = {
			isa = PBXResourcesBuildPhase;
			buildActionMask = 2147483647;
			files = (
				AA600001 /* Secrets.plist in Resources */,
				AA700001 /* Assets.xcassets in Resources */,
				AA800001 /* Junicode-BoldCondensed.ttf in Resources */,
				AA800003 /* SpaceGrotesk-VariableFont_wght.ttf in Resources */,
				AA800005 /* Disket-Mono-Bold.ttf in Resources */,
			);
			runOnlyForDeploymentPostprocessing = 0;
		};
/* End PBXResourcesBuildPhase section */

/* Begin PBXSourcesBuildPhase section */
		AA000011 /* Sources */ = {
			isa = PBXSourcesBuildPhase;
			buildActionMask = 2147483647;
			files = (
				AA000001 /* TheDailyCatchApp.swift in Sources */,
				AA100001 /* IdentityMode.swift in Sources */,
				AA100003 /* EnergyMode.swift in Sources */,
				AA100005 /* Story.swift in Sources */,
				AA100007 /* DailyBrief.swift in Sources */,
				AA100009 /* OnboardingModels.swift in Sources */,
				AA200001 /* OpenRouterService.swift in Sources */,
				AA200003 /* BriefCacheService.swift in Sources */,
				AA200005 /* UserPreferencesService.swift in Sources */,
				AA300001 /* DailyBriefViewModel.swift in Sources */,
				AA400001 /* OnboardingView.swift in Sources */,
				AA400003 /* DailyBriefView.swift in Sources */,
				AA400005 /* StoryCardView.swift in Sources */,
				AA400007 /* CompletionView.swift in Sources */,
				AA400009 /* SettingsView.swift in Sources */,
				AA400011 /* SplashView.swift in Sources */,
				AA400013 /* OnboardingIntroView.swift in Sources */,
				AA400015 /* OnboardingCompleteView.swift in Sources */,
				AA400017 /* StoryDetailView.swift in Sources */,
				AA400019 /* FishingAnimationView.swift in Sources */,
				AA500001 /* AppTheme.swift in Sources */,
			);
			runOnlyForDeploymentPostprocessing = 0;
		};
/* End PBXSourcesBuildPhase section */

/* Begin XCBuildConfiguration section */
		AA000051 /* Debug */ = {
			isa = XCBuildConfiguration;
			buildSettings = {
				ASSETCATALOG_COMPILER_APPICON_NAME = AppIcon;
				CODE_SIGNING_REQUIRED = NO;
				CODE_SIGN_IDENTITY = "Apple Development";
				CODE_SIGN_STYLE = Automatic;
				DEVELOPMENT_TEAM = YSMQYKV45W;
				INFOPLIST_FILE = TheDailyCatch/Info.plist;
				IPHONEOS_DEPLOYMENT_TARGET = 17.0;
				LD_RUNPATH_SEARCH_PATHS = (
					"$(inherited)",
					"@executable_path/Frameworks",
				);
				PRODUCT_BUNDLE_IDENTIFIER = com.dailycatch.app;
				PRODUCT_NAME = "The Daily Catch";
				PROVISIONING_PROFILE_SPECIFIER = "";
				SWIFT_VERSION = 5.0;
				TARGETED_DEVICE_FAMILY = "1,2";
			};
			name = Debug;
		};
		AA000052 /* Release */ = {
			isa = XCBuildConfiguration;
			buildSettings = {
				ASSETCATALOG_COMPILER_APPICON_NAME = AppIcon;
				CODE_SIGNING_REQUIRED = NO;
				CODE_SIGN_IDENTITY = "Apple Development";
				CODE_SIGN_STYLE = Automatic;
				DEVELOPMENT_TEAM = YSMQYKV45W;
				INFOPLIST_FILE = TheDailyCatch/Info.plist;
				IPHONEOS_DEPLOYMENT_TARGET = 17.0;
				LD_RUNPATH_SEARCH_PATHS = (
					"$(inherited)",
					"@executable_path/Frameworks",
				);
				PRODUCT_BUNDLE_IDENTIFIER = com.dailycatch.app;
				PRODUCT_NAME = "The Daily Catch";
				PROVISIONING_PROFILE_SPECIFIER = "";
				SWIFT_VERSION = 5.0;
				TARGETED_DEVICE_FAMILY = "1,2";
			};
			name = Release;
		};
		AA000061 /* Debug */ = {
			isa = XCBuildConfiguration;
			buildSettings = {
				ALWAYS_SEARCH_USER_PATHS = NO;
				CLANG_ENABLE_MODULES = YES;
				CLANG_ENABLE_OBJC_ARC = YES;
				COPY_PHASE_STRIP = NO;
				DEBUG_INFORMATION_FORMAT = dwarf;
				ENABLE_STRICT_OBJC_MSGSEND = YES;
				ENABLE_TESTABILITY = YES;
				GCC_DYNAMIC_NO_PIC = NO;
				GCC_OPTIMIZATION_LEVEL = 0;
				GCC_PREPROCESSOR_DEFINITIONS = (
					"DEBUG=1",
					"$(inherited)",
				);
				MTL_ENABLE_DEBUG_INFO = INCLUDE_SOURCE;
				ONLY_ACTIVE_ARCH = YES;
				SDKROOT = iphoneos;
				SWIFT_ACTIVE_COMPILATION_CONDITIONS = DEBUG;
				SWIFT_OPTIMIZATION_LEVEL = "-Onone";
			};
			name = Debug;
		};
		AA000062 /* Release */ = {
			isa = XCBuildConfiguration;
			buildSettings = {
				ALWAYS_SEARCH_USER_PATHS = NO;
				CLANG_ENABLE_MODULES = YES;
				CLANG_ENABLE_OBJC_ARC = YES;
				COPY_PHASE_STRIP = NO;
				DEBUG_INFORMATION_FORMAT = "dwarf-with-dsym";
				ENABLE_NS_ASSERTIONS = NO;
				ENABLE_STRICT_OBJC_MSGSEND = YES;
				MTL_ENABLE_DEBUG_INFO = NO;
				SDKROOT = iphoneos;
				SWIFT_COMPILATION_MODE = wholemodule;
				SWIFT_OPTIMIZATION_LEVEL = "-O";
				VALIDATE_PRODUCT = YES;
			};
			name = Release;
		};
/* End XCBuildConfiguration section */

/* Begin XCConfigurationList section */
		AA000050 /* Build configuration list for PBXNativeTarget "TheDailyCatch" */ = {
			isa = XCConfigurationList;
			buildConfigurations = (
				AA000051 /* Debug */,
				AA000052 /* Release */,
			);
			defaultConfigurationIsVisible = 0;
			defaultConfigurationName = Release;
		};
		AA000060 /* Build configuration list for PBXProject "TheDailyCatch" */ = {
			isa = XCConfigurationList;
			buildConfigurations = (
				AA000061 /* Debug */,
				AA000062 /* Release */,
			);
			defaultConfigurationIsVisible = 0;
			defaultConfigurationName = Release;
		};
/* End XCConfigurationList section */
	};
	rootObject = AA000040 /* Project object */;
}
